
Microsoft Visual Studio Solution File, Format Version 12.00
# Visual Studio Version 16
VisualStudioVersion = 16.0.31402.337
MinimumVisualStudioVersion = 10.0.40219.1
Project("{9A19103F-16F7-4668-BE54-9A1E7A4F7556}") = "WorkPortal", "WorkPortal\WorkPortal.csproj", "{41F10AEE-AEA5-4D9B-94B1-8023B5D983EA}"
EndProject
Project("{9A19103F-16F7-4668-BE54-9A1E7A4F7556}") = "Models", "Models\Models.csproj", "{3F422BCF-183E-4D7A-9D3D-94460E49B9FE}"
EndProject
Project("{9A19103F-16F7-4668-BE54-9A1E7A4F7556}") = "GlobalConstants", "GlobalConstants\GlobalConstants.csproj", "{2363430A-5980-41BC-BABB-20D8F06A0EB1}"
EndProject
Project("{9A19103F-16F7-4668-BE54-9A1E7A4F7556}") = "WorkPortal.Tests", "WorkPortal.Tests\WorkPortal.Tests.csproj", "{762DAD84-842C-4357-A25B-2D2DB235BBA2}"
EndProject
Global
	GlobalSection(SolutionConfigurationPlatforms) = preSolution
		Debug|Any CPU = Debug|Any CPU
		Release|Any CPU = Release|Any CPU
	EndGlobalSection
	GlobalSection(ProjectConfigurationPlatforms) = postSolution
		{41F10AEE-AEA5-4D9B-94B1-8023B5D983EA}.Debug|Any CPU.ActiveCfg = Debug|Any CPU
		{41F10AEE-AEA5-4D9B-94B1-8023B5D983EA}.Debug|Any CPU.Build.0 = Debug|Any CPU
		{41F10AEE-AEA5-4D9B-94B1-8023B5D983EA}.Release|Any CPU.ActiveCfg = Release|Any CPU
		{41F10AEE-AEA5-4D9B-94B1-8023B5D983EA}.Release|Any CPU.Build.0 = Release|Any CPU
		{3F422BCF-183E-4D7A-9D3D-94460E49B9FE}.Debug|Any CPU.ActiveCfg = Debug|Any CPU
		{3F422BCF-183E-4D7A-9D3D-94460E49B9FE}.Debug|Any CPU.Build.0 = Debug|Any CPU
		{3F422BCF-183E-4D7A-9D3D-94460E49B9FE}.Release|Any CPU.ActiveCfg = Release|Any CPU
		{3F422BCF-183E-4D7A-9D3D-94460E49B9FE}.Release|Any CPU.Build.0 = Release|Any CPU
		{2363430A-5980-41BC-BABB-20D8F06A0EB1}.Debug|Any CPU.ActiveCfg = Debug|Any CPU
		{2363430A-5980-41BC-BABB-20D8F06A0EB1}.Debug|Any CPU.Build.0 = Debug|Any CPU
		{2363430A-5980-41BC-BABB-20D8F06A0EB1}.Release|Any CPU.ActiveCfg = Release|Any CPU
		{2363430A-5980-41BC-BABB-20D8F06A0EB1}.Release|Any CPU.Build.0 = Release|Any CPU
		{762DAD84-842C-4357-A25B-2D2DB235BBA2}.Debug|Any CPU.ActiveCfg = Debug|Any CPU
		{762DAD84-842C-4357-A25B-2D2DB235BBA2}.Debug|Any CPU.Build.0 = Debug|Any CPU
		{762DAD84-842C-4357-A25B-2D2DB235BBA2}.Release|Any CPU.ActiveCfg = Release|Any CPU
		{762DAD84-842C-4357-A25B-2D2DB235BBA2}.Release|Any CPU.Build.0 = Release|Any CPU
	EndGlobalSection
	GlobalSection(SolutionProperties) = preSolution
		HideSolutionNode = FALSE
	EndGlobalSection
	GlobalSection(ExtensibilityGlobals) = postSolution
		SolutionGuid = {4C02FAC3-8445-43AE-BA2C-84431F6DA6E8}
	EndGlobalSection
EndGlobal
